
Microsoft Visual Studio Solution File, Format Version 11.00
# Visual Studio 2010
Project("{FAE04EC0-301F-11D3-BF4B-00C04F79EFBC}") = "PD.Manager", "PD.Manager\PD.Manager.csproj", "{C22366F1-451B-492E-BA67-5B02FCDFE769}"
EndProject
Project("{FAE04EC0-301F-11D3-BF4B-00C04F79EFBC}") = "PD.Web", "PD.Web\PD.Web.csproj", "{0F4D7786-7E82-4530-966E-8D4694E95B38}"
EndProject
Project("{2150E333-8FDC-42A3-9474-1A3956D46DE8}") = "绩效前端业务呈现", "绩效前端业务呈现", "{189ECC49-E28B-4123-8589-67F500FBF844}"
EndProject
Project("{2150E333-8FDC-42A3-9474-1A3956D46DE8}") = "绩效后台服务", "绩效后台服务", "{A714582B-37FF-497D-ABE0-E1537416439B}"
EndProject
Project("{2150E333-8FDC-42A3-9474-1A3956D46DE8}") = "绩效前端网站", "绩效前端网站", "{58154016-A56E-49C8-94EA-209F6FAD0F00}"
EndProject
Project("{2150E333-8FDC-42A3-9474-1A3956D46DE8}") = "前端通用", "前端通用", "{B5641C34-D547-4CDC-B0E9-6AB391AB3B3B}"
EndProject
Project("{FAE04EC0-301F-11D3-BF4B-00C04F79EFBC}") = "PD.Controls", "PD.Controls\PD.Controls.csproj", "{97C9ED71-F684-4252-964C-847A9280AFD9}"
EndProject
Project("{FAE04EC0-301F-11D3-BF4B-00C04F79EFBC}") = "PD.ServiceClient", "PD.ServiceClient\PD.ServiceClient.csproj", "{CEF24C22-0886-4903-AB71-BD4E382FBF53}"
	ProjectSection(ProjectDependencies) = postProject
		{A9496A65-1F6C-4803-B9BE-F346A22CAD7C} = {A9496A65-1F6C-4803-B9BE-F346A22CAD7C}
	EndProjectSection
EndProject
Project("{FAE04EC0-301F-11D3-BF4B-00C04F79EFBC}") = "PD.Business", "PD.Business\PD.Business.csproj", "{39B9BF39-429C-4FBF-B082-16A22C46C858}"
EndProject
Project("{FAE04EC0-301F-11D3-BF4B-00C04F79EFBC}") = "PD.Logic", "PD.Logic\PD.Logic.csproj", "{E8A5FBDA-2575-44A7-BFB3-3F1850F82A82}"
EndProject
Project("{FAE04EC0-301F-11D3-BF4B-00C04F79EFBC}") = "PD.Model", "PD.Model\PD.Model.csproj", "{BAB51C27-FD1D-4D9F-90BF-84DCB64D53D3}"
EndProject
Project("{FAE04EC0-301F-11D3-BF4B-00C04F79EFBC}") = "PD.Services", "PD.Services\PD.Services.csproj", "{A9496A65-1F6C-4803-B9BE-F346A22CAD7C}"
EndProject
Project("{FAE04EC0-301F-11D3-BF4B-00C04F79EFBC}") = "PD.Mobile.Services", "PD.Mobile.Services\PD.Mobile.Services.csproj", "{33D813DF-37C2-4A17-A2FB-72C98A1229E8}"
EndProject
Project("{2150E333-8FDC-42A3-9474-1A3956D46DE8}") = "业务公用", "业务公用", "{F7578002-C324-4DDD-B7A2-960569EF58A9}"
EndProject
Project("{2150E333-8FDC-42A3-9474-1A3956D46DE8}") = "软件注册服务", "软件注册服务", "{B62E9504-61BF-4809-A99A-3087F837437A}"
EndProject
Project("{FAE04EC0-301F-11D3-BF4B-00C04F79EFBC}") = "PD.Register.Console", "PD.Register.Console\PD.Register.Console.csproj", "{2C7EFD71-F1BE-4CB8-AF75-B2DEB38C6D94}"
EndProject
Project("{FAE04EC0-301F-11D3-BF4B-00C04F79EFBC}") = "PD.DB", "PD.DB\PD.DB.csproj", "{0DC7E4AF-9CC5-487B-BA9E-030066926B05}"
EndProject
Project("{2150E333-8FDC-42A3-9474-1A3956D46DE8}") = "DBConnection", "DBConnection", "{451ACABC-0CC9-4FEE-928D-90901AFCDE3D}"
EndProject
Global
	GlobalSection(SolutionConfigurationPlatforms) = preSolution
		Debug|Any CPU = Debug|Any CPU
		Debug|Mixed Platforms = Debug|Mixed Platforms
		Debug|x86 = Debug|x86
		Release|Any CPU = Release|Any CPU
		Release|Mixed Platforms = Release|Mixed Platforms
		Release|x86 = Release|x86
	EndGlobalSection
	GlobalSection(ProjectConfigurationPlatforms) = postSolution
		{C22366F1-451B-492E-BA67-5B02FCDFE769}.Debug|Any CPU.ActiveCfg = Debug|Any CPU
		{C22366F1-451B-492E-BA67-5B02FCDFE769}.Debug|Any CPU.Build.0 = Debug|Any CPU
		{C22366F1-451B-492E-BA67-5B02FCDFE769}.Debug|Mixed Platforms.ActiveCfg = Release|Any CPU
		{C22366F1-451B-492E-BA67-5B02FCDFE769}.Debug|Mixed Platforms.Build.0 = Release|Any CPU
		{C22366F1-451B-492E-BA67-5B02FCDFE769}.Debug|x86.ActiveCfg = Debug|Any CPU
		{C22366F1-451B-492E-BA67-5B02FCDFE769}.Release|Any CPU.ActiveCfg = Release|Any CPU
		{C22366F1-451B-492E-BA67-5B02FCDFE769}.Release|Any CPU.Build.0 = Release|Any CPU
		{C22366F1-451B-492E-BA67-5B02FCDFE769}.Release|Mixed Platforms.ActiveCfg = Release|Any CPU
		{C22366F1-451B-492E-BA67-5B02FCDFE769}.Release|Mixed Platforms.Build.0 = Release|Any CPU
		{C22366F1-451B-492E-BA67-5B02FCDFE769}.Release|x86.ActiveCfg = Release|Any CPU
		{0F4D7786-7E82-4530-966E-8D4694E95B38}.Debug|Any CPU.ActiveCfg = Debug|Any CPU
		{0F4D7786-7E82-4530-966E-8D4694E95B38}.Debug|Any CPU.Build.0 = Debug|Any CPU
		{0F4D7786-7E82-4530-966E-8D4694E95B38}.Debug|Mixed Platforms.ActiveCfg = Release|Any CPU
		{0F4D7786-7E82-4530-966E-8D4694E95B38}.Debug|Mixed Platforms.Build.0 = Release|Any CPU
		{0F4D7786-7E82-4530-966E-8D4694E95B38}.Debug|x86.ActiveCfg = Debug|Any CPU
		{0F4D7786-7E82-4530-966E-8D4694E95B38}.Release|Any CPU.ActiveCfg = Release|Any CPU
		{0F4D7786-7E82-4530-966E-8D4694E95B38}.Release|Any CPU.Build.0 = Release|Any CPU
		{0F4D7786-7E82-4530-966E-8D4694E95B38}.Release|Mixed Platforms.ActiveCfg = Release|Any CPU
		{0F4D7786-7E82-4530-966E-8D4694E95B38}.Release|Mixed Platforms.Build.0 = Release|Any CPU
		{0F4D7786-7E82-4530-966E-8D4694E95B38}.Release|x86.ActiveCfg = Release|Any CPU
		{97C9ED71-F684-4252-964C-847A9280AFD9}.Debug|Any CPU.ActiveCfg = Debug|Any CPU
		{97C9ED71-F684-4252-964C-847A9280AFD9}.Debug|Any CPU.Build.0 = Debug|Any CPU
		{97C9ED71-F684-4252-964C-847A9280AFD9}.Debug|Mixed Platforms.ActiveCfg = Debug|Any CPU
		{97C9ED71-F684-4252-964C-847A9280AFD9}.Debug|Mixed Platforms.Build.0 = Debug|Any CPU
		{97C9ED71-F684-4252-964C-847A9280AFD9}.Debug|x86.ActiveCfg = Debug|Any CPU
		{97C9ED71-F684-4252-964C-847A9280AFD9}.Release|Any CPU.ActiveCfg = Release|Any CPU
		{97C9ED71-F684-4252-964C-847A9280AFD9}.Release|Any CPU.Build.0 = Release|Any CPU
		{97C9ED71-F684-4252-964C-847A9280AFD9}.Release|Mixed Platforms.ActiveCfg = Release|Any CPU
		{97C9ED71-F684-4252-964C-847A9280AFD9}.Release|Mixed Platforms.Build.0 = Release|Any CPU
		{97C9ED71-F684-4252-964C-847A9280AFD9}.Release|x86.ActiveCfg = Release|Any CPU
		{CEF24C22-0886-4903-AB71-BD4E382FBF53}.Debug|Any CPU.ActiveCfg = Debug|Any CPU
		{CEF24C22-0886-4903-AB71-BD4E382FBF53}.Debug|Any CPU.Build.0 = Debug|Any CPU
		{CEF24C22-0886-4903-AB71-BD4E382FBF53}.Debug|Mixed Platforms.ActiveCfg = Debug|Any CPU
		{CEF24C22-0886-4903-AB71-BD4E382FBF53}.Debug|Mixed Platforms.Build.0 = Debug|Any CPU
		{CEF24C22-0886-4903-AB71-BD4E382FBF53}.Debug|x86.ActiveCfg = Debug|Any CPU
		{CEF24C22-0886-4903-AB71-BD4E382FBF53}.Release|Any CPU.ActiveCfg = Release|Any CPU
		{CEF24C22-0886-4903-AB71-BD4E382FBF53}.Release|Any CPU.Build.0 = Release|Any CPU
		{CEF24C22-0886-4903-AB71-BD4E382FBF53}.Release|Mixed Platforms.ActiveCfg = Release|Any CPU
		{CEF24C22-0886-4903-AB71-BD4E382FBF53}.Release|Mixed Platforms.Build.0 = Release|Any CPU
		{CEF24C22-0886-4903-AB71-BD4E382FBF53}.Release|x86.ActiveCfg = Release|Any CPU
		{39B9BF39-429C-4FBF-B082-16A22C46C858}.Debug|Any CPU.ActiveCfg = Debug|Any CPU
		{39B9BF39-429C-4FBF-B082-16A22C46C858}.Debug|Any CPU.Build.0 = Debug|Any CPU
		{39B9BF39-429C-4FBF-B082-16A22C46C858}.Debug|Mixed Platforms.ActiveCfg = Debug|Any CPU
		{39B9BF39-429C-4FBF-B082-16A22C46C858}.Debug|Mixed Platforms.Build.0 = Debug|Any CPU
		{39B9BF39-429C-4FBF-B082-16A22C46C858}.Debug|x86.ActiveCfg = Debug|Any CPU
		{39B9BF39-429C-4FBF-B082-16A22C46C858}.Release|Any CPU.ActiveCfg = Release|Any CPU
		{39B9BF39-429C-4FBF-B082-16A22C46C858}.Release|Any CPU.Build.0 = Release|Any CPU
		{39B9BF39-429C-4FBF-B082-16A22C46C858}.Release|Mixed Platforms.ActiveCfg = Release|Any CPU
		{39B9BF39-429C-4FBF-B082-16A22C46C858}.Release|Mixed Platforms.Build.0 = Release|Any CPU
		{39B9BF39-429C-4FBF-B082-16A22C46C858}.Release|x86.ActiveCfg = Release|Any CPU
		{E8A5FBDA-2575-44A7-BFB3-3F1850F82A82}.Debug|Any CPU.ActiveCfg = Debug|Any CPU
		{E8A5FBDA-2575-44A7-BFB3-3F1850F82A82}.Debug|Any CPU.Build.0 = Debug|Any CPU
		{E8A5FBDA-2575-44A7-BFB3-3F1850F82A82}.Debug|Mixed Platforms.ActiveCfg = Release|Any CPU
		{E8A5FBDA-2575-44A7-BFB3-3F1850F82A82}.Debug|Mixed Platforms.Build.0 = Release|Any CPU
		{E8A5FBDA-2575-44A7-BFB3-3F1850F82A82}.Debug|x86.ActiveCfg = Debug|Any CPU
		{E8A5FBDA-2575-44A7-BFB3-3F1850F82A82}.Release|Any CPU.ActiveCfg = Release|Any CPU
		{E8A5FBDA-2575-44A7-BFB3-3F1850F82A82}.Release|Any CPU.Build.0 = Release|Any CPU
		{E8A5FBDA-2575-44A7-BFB3-3F1850F82A82}.Release|Mixed Platforms.ActiveCfg = Release|Any CPU
		{E8A5FBDA-2575-44A7-BFB3-3F1850F82A82}.Release|Mixed Platforms.Build.0 = Release|Any CPU
		{E8A5FBDA-2575-44A7-BFB3-3F1850F82A82}.Release|x86.ActiveCfg = Release|Any CPU
		{BAB51C27-FD1D-4D9F-90BF-84DCB64D53D3}.Debug|Any CPU.ActiveCfg = Debug|Any CPU
		{BAB51C27-FD1D-4D9F-90BF-84DCB64D53D3}.Debug|Any CPU.Build.0 = Debug|Any CPU
		{BAB51C27-FD1D-4D9F-90BF-84DCB64D53D3}.Debug|Mixed Platforms.ActiveCfg = Debug|Any CPU
		{BAB51C27-FD1D-4D9F-90BF-84DCB64D53D3}.Debug|Mixed Platforms.Build.0 = Debug|Any CPU
		{BAB51C27-FD1D-4D9F-90BF-84DCB64D53D3}.Debug|x86.ActiveCfg = Debug|Any CPU
		{BAB51C27-FD1D-4D9F-90BF-84DCB64D53D3}.Release|Any CPU.ActiveCfg = Release|Any CPU
		{BAB51C27-FD1D-4D9F-90BF-84DCB64D53D3}.Release|Any CPU.Build.0 = Release|Any CPU
		{BAB51C27-FD1D-4D9F-90BF-84DCB64D53D3}.Release|Mixed Platforms.ActiveCfg = Release|Any CPU
		{BAB51C27-FD1D-4D9F-90BF-84DCB64D53D3}.Release|Mixed Platforms.Build.0 = Release|Any CPU
		{BAB51C27-FD1D-4D9F-90BF-84DCB64D53D3}.Release|x86.ActiveCfg = Release|Any CPU
		{A9496A65-1F6C-4803-B9BE-F346A22CAD7C}.Debug|Any CPU.ActiveCfg = Debug|Any CPU
		{A9496A65-1F6C-4803-B9BE-F346A22CAD7C}.Debug|Any CPU.Build.0 = Debug|Any CPU
		{A9496A65-1F6C-4803-B9BE-F346A22CAD7C}.Debug|Mixed Platforms.ActiveCfg = Release|Any CPU
		{A9496A65-1F6C-4803-B9BE-F346A22CAD7C}.Debug|Mixed Platforms.Build.0 = Release|Any CPU
		{A9496A65-1F6C-4803-B9BE-F346A22CAD7C}.Debug|x86.ActiveCfg = Debug|Any CPU
		{A9496A65-1F6C-4803-B9BE-F346A22CAD7C}.Release|Any CPU.ActiveCfg = Release|Any CPU
		{A9496A65-1F6C-4803-B9BE-F346A22CAD7C}.Release|Any CPU.Build.0 = Release|Any CPU
		{A9496A65-1F6C-4803-B9BE-F346A22CAD7C}.Release|Mixed Platforms.ActiveCfg = Release|Any CPU
		{A9496A65-1F6C-4803-B9BE-F346A22CAD7C}.Release|Mixed Platforms.Build.0 = Release|Any CPU
		{A9496A65-1F6C-4803-B9BE-F346A22CAD7C}.Release|x86.ActiveCfg = Release|Any CPU
		{33D813DF-37C2-4A17-A2FB-72C98A1229E8}.Debug|Any CPU.ActiveCfg = Debug|Any CPU
		{33D813DF-37C2-4A17-A2FB-72C98A1229E8}.Debug|Any CPU.Build.0 = Debug|Any CPU
		{33D813DF-37C2-4A17-A2FB-72C98A1229E8}.Debug|Mixed Platforms.ActiveCfg = Release|Any CPU
		{33D813DF-37C2-4A17-A2FB-72C98A1229E8}.Debug|Mixed Platforms.Build.0 = Release|Any CPU
		{33D813DF-37C2-4A17-A2FB-72C98A1229E8}.Debug|x86.ActiveCfg = Debug|Any CPU
		{33D813DF-37C2-4A17-A2FB-72C98A1229E8}.Release|Any CPU.ActiveCfg = Release|Any CPU
		{33D813DF-37C2-4A17-A2FB-72C98A1229E8}.Release|Any CPU.Build.0 = Release|Any CPU
		{33D813DF-37C2-4A17-A2FB-72C98A1229E8}.Release|Mixed Platforms.ActiveCfg = Release|Any CPU
		{33D813DF-37C2-4A17-A2FB-72C98A1229E8}.Release|Mixed Platforms.Build.0 = Release|Any CPU
		{33D813DF-37C2-4A17-A2FB-72C98A1229E8}.Release|x86.ActiveCfg = Release|Any CPU
		{2C7EFD71-F1BE-4CB8-AF75-B2DEB38C6D94}.Debug|Any CPU.ActiveCfg = Debug|x86
		{2C7EFD71-F1BE-4CB8-AF75-B2DEB38C6D94}.Debug|Mixed Platforms.ActiveCfg = Debug|x86
		{2C7EFD71-F1BE-4CB8-AF75-B2DEB38C6D94}.Debug|Mixed Platforms.Build.0 = Debug|x86
		{2C7EFD71-F1BE-4CB8-AF75-B2DEB38C6D94}.Debug|x86.ActiveCfg = Debug|x86
		{2C7EFD71-F1BE-4CB8-AF75-B2DEB38C6D94}.Debug|x86.Build.0 = Debug|x86
		{2C7EFD71-F1BE-4CB8-AF75-B2DEB38C6D94}.Release|Any CPU.ActiveCfg = Release|x86
		{2C7EFD71-F1BE-4CB8-AF75-B2DEB38C6D94}.Release|Mixed Platforms.ActiveCfg = Release|x86
		{2C7EFD71-F1BE-4CB8-AF75-B2DEB38C6D94}.Release|Mixed Platforms.Build.0 = Release|x86
		{2C7EFD71-F1BE-4CB8-AF75-B2DEB38C6D94}.Release|x86.ActiveCfg = Release|x86
		{2C7EFD71-F1BE-4CB8-AF75-B2DEB38C6D94}.Release|x86.Build.0 = Release|x86
		{0DC7E4AF-9CC5-487B-BA9E-030066926B05}.Debug|Any CPU.ActiveCfg = Debug|Any CPU
		{0DC7E4AF-9CC5-487B-BA9E-030066926B05}.Debug|Any CPU.Build.0 = Debug|Any CPU
		{0DC7E4AF-9CC5-487B-BA9E-030066926B05}.Debug|Mixed Platforms.ActiveCfg = Debug|Any CPU
		{0DC7E4AF-9CC5-487B-BA9E-030066926B05}.Debug|Mixed Platforms.Build.0 = Debug|Any CPU
		{0DC7E4AF-9CC5-487B-BA9E-030066926B05}.Debug|x86.ActiveCfg = Debug|Any CPU
		{0DC7E4AF-9CC5-487B-BA9E-030066926B05}.Release|Any CPU.ActiveCfg = Release|Any CPU
		{0DC7E4AF-9CC5-487B-BA9E-030066926B05}.Release|Any CPU.Build.0 = Release|Any CPU
		{0DC7E4AF-9CC5-487B-BA9E-030066926B05}.Release|Mixed Platforms.ActiveCfg = Release|Any CPU
		{0DC7E4AF-9CC5-487B-BA9E-030066926B05}.Release|Mixed Platforms.Build.0 = Release|Any CPU
		{0DC7E4AF-9CC5-487B-BA9E-030066926B05}.Release|x86.ActiveCfg = Release|Any CPU
	EndGlobalSection
	GlobalSection(SolutionProperties) = preSolution
		HideSolutionNode = FALSE
	EndGlobalSection
	GlobalSection(NestedProjects) = preSolution
		{C22366F1-451B-492E-BA67-5B02FCDFE769} = {189ECC49-E28B-4123-8589-67F500FBF844}
		{B5641C34-D547-4CDC-B0E9-6AB391AB3B3B} = {189ECC49-E28B-4123-8589-67F500FBF844}
		{0F4D7786-7E82-4530-966E-8D4694E95B38} = {58154016-A56E-49C8-94EA-209F6FAD0F00}
		{F7578002-C324-4DDD-B7A2-960569EF58A9} = {A714582B-37FF-497D-ABE0-E1537416439B}
		{A9496A65-1F6C-4803-B9BE-F346A22CAD7C} = {A714582B-37FF-497D-ABE0-E1537416439B}
		{33D813DF-37C2-4A17-A2FB-72C98A1229E8} = {A714582B-37FF-497D-ABE0-E1537416439B}
		{97C9ED71-F684-4252-964C-847A9280AFD9} = {B5641C34-D547-4CDC-B0E9-6AB391AB3B3B}
		{CEF24C22-0886-4903-AB71-BD4E382FBF53} = {B5641C34-D547-4CDC-B0E9-6AB391AB3B3B}
		{E8A5FBDA-2575-44A7-BFB3-3F1850F82A82} = {F7578002-C324-4DDD-B7A2-960569EF58A9}
		{BAB51C27-FD1D-4D9F-90BF-84DCB64D53D3} = {F7578002-C324-4DDD-B7A2-960569EF58A9}
		{39B9BF39-429C-4FBF-B082-16A22C46C858} = {F7578002-C324-4DDD-B7A2-960569EF58A9}
		{451ACABC-0CC9-4FEE-928D-90901AFCDE3D} = {F7578002-C324-4DDD-B7A2-960569EF58A9}
		{2C7EFD71-F1BE-4CB8-AF75-B2DEB38C6D94} = {B62E9504-61BF-4809-A99A-3087F837437A}
		{0DC7E4AF-9CC5-487B-BA9E-030066926B05} = {451ACABC-0CC9-4FEE-928D-90901AFCDE3D}
	EndGlobalSection
EndGlobal
